
Microsoft Visual Studio Solution File, Format Version 12.00
# Visual Studio Version 17
VisualStudioVersion = 17.5.33530.505
MinimumVisualStudioVersion = 10.0.40219.1
Project("{FAE04EC0-301F-11D3-BF4B-00C04F79EFBC}") = "Bechenka", "Bechenka.csproj", "{1C721169-6E02-48F4-B32F-20961AF0F4E7}"
EndProject
Global
	GlobalSection(SolutionConfigurationPlatforms) = preSolution
		Debug|Any CPU = Debug|Any CPU
		Release|Any CPU = Release|Any CPU
	EndGlobalSection
	GlobalSection(ProjectConfigurationPlatforms) = postSolution
		{1C721169-6E02-48F4-B32F-20961AF0F4E7}.Debug|Any CPU.ActiveCfg = Debug|Any CPU
		{1C721169-6E02-48F4-B32F-20961AF0F4E7}.Debug|Any CPU.Build.0 = Debug|Any CPU
		{1C721169-6E02-48F4-B32F-20961AF0F4E7}.Release|Any CPU.ActiveCfg = Release|Any CPU
		{1C721169-6E02-48F4-B32F-20961AF0F4E7}.Release|Any CPU.Build.0 = Release|Any CPU
	EndGlobalSection
	GlobalSection(SolutionProperties) = preSolution
		HideSolutionNode = FALSE
	EndGlobalSection
	GlobalSection(ExtensibilityGlobals) = postSolution
		SolutionGuid = {2BED5B7D-DAFA-426B-B614-6A4867966B96}
	EndGlobalSection
EndGlobal
